schema: '2.0'
stages:
  make_dataset:
    cmd: python .\src\data\make_dataset.py
    deps:
    - path: .\data\raw\creditcard.csv
      hash: md5
      md5: e90efcb83d69faf99fcab8b0255024de
      size: 150828752
    - path: .\src\data\make_dataset.py
      hash: md5
      md5: 0c638aff1d639134fe70edb05baddd12
      size: 1679
    params:
      params.yaml:
        make_dataset.seed: 99
        make_dataset.test_split: 0.2
    outs:
    - path: .\data\processed\
      hash: md5
      md5: 2568d9b71e3dd790c41d2da15a1011f5.dir
      size: 151102527
      nfiles: 2
  train_model:
    cmd: python .\src\models\train_model.py .\data\processed\
    deps:
    - path: .\data\processed\
      hash: md5
      md5: 2568d9b71e3dd790c41d2da15a1011f5.dir
      size: 151102527
      nfiles: 2
    - path: .\src\models\train_model.py
      hash: md5
      md5: 8041be6ced34277486e8b7cef7813802
      size: 1690
    params:
      params.yaml:
        train_model.max_depth: 10
        train_model.n_estimators: 20
        train_model.seed: 99
    outs:
    - path: .\models\
      hash: md5
      md5: fdb0958b974485c0ec02cfb03cc7e96f.dir
      size: 211958
      nfiles: 1
  visualize:
    cmd: python .\src\visualization\visualize.py .\models\model.joblib .\data\processed\
    deps:
    - path: .\data\processed\
      hash: md5
      md5: 2568d9b71e3dd790c41d2da15a1011f5.dir
      size: 151102527
      nfiles: 2
    - path: .\models\model.joblib
      hash: md5
      md5: 0ea8182b1751eda9a2e932024b9209e5
      size: 211958
    - path: .\src\visualization\visualize.py
      hash: md5
      md5: 8f9338ab77f3439f972c2b3bfa92fd56
      size: 7108
    outs:
    - path: dvclive
      hash: md5
      md5: 05bd5f1e06bf21f3bedfb32584ec0133.dir
      size: 20904949
      nfiles: 8
